// !$*UTF8*$!
{
	archiveVersion = 1;
	classes = {
	};
	objectVersion = 77;
	objects = {

/* Begin PBXBuildFile section */
		1C7C1EEF2CBCA125DEEA1299 /* StreakView.swift in Sources */ = {isa = PBXBuildFile; fileRef = 0A01118EB431FBDDF2793535 /* StreakView.swift */; };
		21A0361F4EAD044DEDE6CB93 /* WatchModels.swift in Sources */ = {isa = PBXBuildFile; fileRef = 56C1968988B5E3731383AD06 /* WatchModels.swift */; };
		7303A6767FDCC6FCA2BE97A5 /* ContentView.swift in Sources */ = {isa = PBXBuildFile; fileRef = FEB5737DAA8C5596DDF10BD7 /* ContentView.swift */; };
		94A10EF2CE0CBD1441A2AB7E /* WatchAPI.swift in Sources */ = {isa = PBXBuildFile; fileRef = 9F66B06D9FF7019E8CA36979 /* WatchAPI.swift */; };
		9F01D11913B56777D92E7429 /* PairingView.swift in Sources */ = {isa = PBXBuildFile; fileRef = 7DCE832DBE14B89EB2485C56 /* PairingView.swift */; };
		B451B3FBCDD00BA0F59BF407 /* Assets.xcassets in Resources */ = {isa = PBXBuildFile; fileRef = 0729CCCB9E39DB83B4B8B8E5 /* Assets.xcassets */; };
		B9D20C5E5A3E2D9D515C4F3F /* LexlyWatchApp.swift in Sources */ = {isa = PBXBuildFile; fileRef = 280BA13ACFD0CFC3FF053EC0 /* LexlyWatchApp.swift */; };
/* End PBXBuildFile section */

/* Begin PBXFileReference section */
		0729CCCB9E39DB83B4B8B8E5 /* Assets.xcassets */ = {isa = PBXFileReference; lastKnownFileType = folder.assetcatalog; path = Assets.xcassets; sourceTree = "<group>"; };
		0A01118EB431FBDDF2793535 /* StreakView.swift */ = {isa = PBXFileReference; lastKnownFileType = sourcecode.swift; path = StreakView.swift; sourceTree = "<group>"; };
		280BA13ACFD0CFC3FF053EC0 /* LexlyWatchApp.swift */ = {isa = PBXFileReference; lastKnownFileType = sourcecode.swift; path = LexlyWatchApp.swift; sourceTree = "<group>"; };
		56C1968988B5E3731383AD06 /* WatchModels.swift */ = {isa = PBXFileReference; lastKnownFileType = sourcecode.swift; path = WatchModels.swift; sourceTree = "<group>"; };
		6B9E20AA7C962995B487CA75 /* LexlyWatch.app */ = {isa = PBXFileReference; explicitFileType = wrapper.application; includeInIndex = 0; path = LexlyWatch.app; sourceTree = BUILT_PRODUCTS_DIR; };
		7DCE832DBE14B89EB2485C56 /* PairingView.swift */ = {isa = PBXFileReference; lastKnownFileType = sourcecode.swift; path = PairingView.swift; sourceTree = "<group>"; };
		9F66B06D9FF7019E8CA36979 /* WatchAPI.swift */ = {isa = PBXFileReference; lastKnownFileType = sourcecode.swift; path = WatchAPI.swift; sourceTree = "<group>"; };
		FEB5737DAA8C5596DDF10BD7 /* ContentView.swift */ = {isa = PBXFileReference; lastKnownFileType = sourcecode.swift; path = ContentView.swift; sourceTree = "<group>"; };
/* End PBXFileReference section */

/* Begin PBXGroup section */
		1A78F867BC25D5AA914F712F /* Products */ = {
			isa = PBXGroup;
			children = (
				6B9E20AA7C962995B487CA75 /* LexlyWatch.app */,
			);
			name = Products;
			sourceTree = "<group>";
		};
		4F8D28FCF3020A1A62FBB28B /* Models */ = {
			isa = PBXGroup;
			children = (
				9F66B06D9FF7019E8CA36979 /* WatchAPI.swift */,
				56C1968988B5E3731383AD06 /* WatchModels.swift */,
			);
			path = Models;
			sourceTree = "<group>";
		};
		5B2853F901B910F0285A1AD3 /* watchos */ = {
			isa = PBXGroup;
			children = (
				0729CCCB9E39DB83B4B8B8E5 /* Assets.xcassets */,
				FEB5737DAA8C5596DDF10BD7 /* ContentView.swift */,
				280BA13ACFD0CFC3FF053EC0 /* LexlyWatchApp.swift */,
				4F8D28FCF3020A1A62FBB28B /* Models */,
				C47719C005E81D030F1E4286 /* Settings */,
				803BEE3BD84C02A8B7293D66 /* Views */,
			);
			name = watchos;
			path = .;
			sourceTree = "<group>";
		};
		803BEE3BD84C02A8B7293D66 /* Views */ = {
			isa = PBXGroup;
			children = (
				0A01118EB431FBDDF2793535 /* StreakView.swift */,
			);
			path = Views;
			sourceTree = "<group>";
		};
		C47719C005E81D030F1E4286 /* Settings */ = {
			isa = PBXGroup;
			children = (
				7DCE832DBE14B89EB2485C56 /* PairingView.swift */,
			);
			path = Settings;
			sourceTree = "<group>";
		};
		F54F81BBDD7E73D66A7ACD94 = {
			isa = PBXGroup;
			children = (
				4F8D28FCF3020A1A62FBB28B /* Models */,
				C47719C005E81D030F1E4286 /* Settings */,
				803BEE3BD84C02A8B7293D66 /* Views */,
				5B2853F901B910F0285A1AD3 /* watchos */,
				1A78F867BC25D5AA914F712F /* Products */,
			);
			sourceTree = "<group>";
		};
/* End PBXGroup section */

/* Begin PBXNativeTarget section */
		69D8885BA333EEA5E75DD10C /* LexlyWatch */ = {
			isa = PBXNativeTarget;
			buildConfigurationList = 7389EFD96E4541EFC49B5D93 /* Build configuration list for PBXNativeTarget "LexlyWatch" */;
			buildPhases = (
				4593FF9F4B5F135CED0746A3 /* Sources */,
				75CB2FF25BB0FF95FB961EC4 /* Resources */,
			);
			buildRules = (
			);
			dependencies = (
			);
			name = LexlyWatch;
			packageProductDependencies = (
			);
			productName = LexlyWatch;
			productReference = 6B9E20AA7C962995B487CA75 /* LexlyWatch.app */;
			productType = "com.apple.product-type.application";
		};
/* End PBXNativeTarget section */

/* Begin PBXProject section */
		1EDD0064BAB178AF88E0F511 /* Project object */ = {
			isa = PBXProject;
			attributes = {
				BuildIndependentTargetsInParallel = YES;
				LastUpgradeCheck = 1430;
				TargetAttributes = {
					69D8885BA333EEA5E75DD10C = {
						DevelopmentTeam = QMM486NPYC;
						ProvisioningStyle = Automatic;
					};
				};
			};
			buildConfigurationList = 43997968051C471444292103 /* Build configuration list for PBXProject "LexlyWatch" */;
			developmentRegion = en;
			hasScannedForEncodings = 0;
			knownRegions = (
				Base,
				en,
			);
			mainGroup = F54F81BBDD7E73D66A7ACD94;
			minimizedProjectReferenceProxies = 1;
			preferredProjectObjectVersion = 77;
			productRefGroup = 1A78F867BC25D5AA914F712F /* Products */;
			projectDirPath = "";
			projectRoot = "";
			targets = (
				69D8885BA333EEA5E75DD10C /* LexlyWatch */,
			);
		};
/* End PBXProject section */

/* Begin PBXResourcesBuildPhase section */
		75CB2FF25BB0FF95FB961EC4 /* Resources */ = {
			isa = PBXResourcesBuildPhase;
			buildActionMask = 2147483647;
			files = (
				B451B3FBCDD00BA0F59BF407 /* Assets.xcassets in Resources */,
			);
			runOnlyForDeploymentPostprocessing = 0;
		};
/* End PBXResourcesBuildPhase section */

/* Begin PBXSourcesBuildPhase section */
		4593FF9F4B5F135CED0746A3 /* Sources */ = {
			isa = PBXSourcesBuildPhase;
			buildActionMask = 2147483647;
			files = (
				7303A6767FDCC6FCA2BE97A5 /* ContentView.swift in Sources */,
				B9D20C5E5A3E2D9D515C4F3F /* LexlyWatchApp.swift in Sources */,
				9F01D11913B56777D92E7429 /* PairingView.swift in Sources */,
				1C7C1EEF2CBCA125DEEA1299 /* StreakView.swift in Sources */,
				94A10EF2CE0CBD1441A2AB7E /* WatchAPI.swift in Sources */,
				21A0361F4EAD044DEDE6CB93 /* WatchModels.swift in Sources */,
			);
			runOnlyForDeploymentPostprocessing = 0;
		};
/* End PBXSourcesBuildPhase section */

/* Begin XCBuildConfiguration section */
		09E41C4072279D102E76084D /* Release */ = {
			isa = XCBuildConfiguration;
			buildSettings = {
				ALWAYS_SEARCH_USER_PATHS = NO;
				CLANG_ANALYZER_NONNULL = YES;
				CLANG_ANALYZER_NUMBER_OBJECT_CONVERSION = YES_AGGRESSIVE;
				CLANG_CXX_LANGUAGE_STANDARD = "gnu++14";
				CLANG_CXX_LIBRARY = "libc++";
				CLANG_ENABLE_MODULES = YES;
				CLANG_ENABLE_OBJC_ARC = YES;
				CLANG_ENABLE_OBJC_WEAK = YES;
				CLANG_WARN_BLOCK_CAPTURE_AUTORELEASING = YES;
				CLANG_WARN_BOOL_CONVERSION = YES;
				CLANG_WARN_COMMA = YES;
				CLANG_WARN_CONSTANT_CONVERSION = YES;
				CLANG_WARN_DEPRECATED_OBJC_IMPLEMENTATIONS = YES;
				CLANG_WARN_DIRECT_OBJC_ISA_USAGE = YES_ERROR;
				CLANG_WARN_DOCUMENTATION_COMMENTS = YES;
				CLANG_WARN_EMPTY_BODY = YES;
				CLANG_WARN_ENUM_CONVERSION = YES;
				CLANG_WARN_INFINITE_RECURSION = YES;
				CLANG_WARN_INT_CONVERSION = YES;
				CLANG_WARN_NON_LITERAL_NULL_CONVERSION = YES;
				CLANG_WARN_OBJC_IMPLICIT_RETAIN_SELF = YES;
				CLANG_WARN_OBJC_LITERAL_CONVERSION = YES;
				CLANG_WARN_OBJC_ROOT_CLASS = YES_ERROR;
				CLANG_WARN_QUOTED_INCLUDE_IN_FRAMEWORK_HEADER = YES;
				CLANG_WARN_RANGE_LOOP_ANALYSIS = YES;
				CLANG_WARN_STRICT_PROTOTYPES = YES;
				CLANG_WARN_SUSPICIOUS_MOVE = YES;
				CLANG_WARN_UNGUARDED_AVAILABILITY = YES_AGGRESSIVE;
				CLANG_WARN_UNREACHABLE_CODE = YES;
				CLANG_WARN__DUPLICATE_METHOD_MATCH = YES;
				CODE_SIGN_STYLE = Automatic;
				COPY_PHASE_STRIP = NO;
				CURRENT_PROJECT_VERSION = 1;
				DEBUG_INFORMATION_FORMAT = "dwarf-with-dsym";
				DEVELOPMENT_TEAM = QMM486NPYC;
				ENABLE_NS_ASSERTIONS = NO;
				ENABLE_STRICT_OBJC_MSGSEND = YES;
				GCC_C_LANGUAGE_STANDARD = gnu11;
				GCC_NO_COMMON_BLOCKS = YES;
				GCC_WARN_64_TO_32_BIT_CONVERSION = YES;
				GCC_WARN_ABOUT_RETURN_TYPE = YES_ERROR;
				GCC_WARN_UNDECLARED_SELECTOR = YES;
				GCC_WARN_UNINITIALIZED_AUTOS = YES_AGGRESSIVE;
				GCC_WARN_UNUSED_FUNCTION = YES;
				GCC_WARN_UNUSED_VARIABLE = YES;
				MARKETING_VERSION = 1.0.0;
				MTL_ENABLE_DEBUG_INFO = NO;
				MTL_FAST_MATH = YES;
				PRODUCT_NAME = "$(TARGET_NAME)";
				SDKROOT = watchos;
				SWIFT_COMPILATION_MODE = wholemodule;
				SWIFT_OPTIMIZATION_LEVEL = "-O";
				SWIFT_VERSION = 6.0;
				WATCHOS_DEPLOYMENT_TARGET = 10.0;
			};
			name = Release;
		};
		6B79BB7D8F9BA2E69ACC4A9D /* Debug */ = {
			isa = XCBuildConfiguration;
			buildSettings = {
				ALWAYS_SEARCH_USER_PATHS = NO;
				CLANG_ANALYZER_NONNULL = YES;
				CLANG_ANALYZER_NUMBER_OBJECT_CONVERSION = YES_AGGRESSIVE;
				CLANG_CXX_LANGUAGE_STANDARD = "gnu++14";
				CLANG_CXX_LIBRARY = "libc++";
				CLANG_ENABLE_MODULES = YES;
				CLANG_ENABLE_OBJC_ARC = YES;
				CLANG_ENABLE_OBJC_WEAK = YES;
				CLANG_WARN_BLOCK_CAPTURE_AUTORELEASING = YES;
				CLANG_WARN_BOOL_CONVERSION = YES;
				CLANG_WARN_COMMA = YES;
				CLANG_WARN_CONSTANT_CONVERSION = YES;
				CLANG_WARN_DEPRECATED_OBJC_IMPLEMENTATIONS = YES;
				CLANG_WARN_DIRECT_OBJC_ISA_USAGE = YES_ERROR;
				CLANG_WARN_DOCUMENTATION_COMMENTS = YES;
				CLANG_WARN_EMPTY_BODY = YES;
				CLANG_WARN_ENUM_CONVERSION = YES;
				CLANG_WARN_INFINITE_RECURSION = YES;
				CLANG_WARN_INT_CONVERSION = YES;
				CLANG_WARN_NON_LITERAL_NULL_CONVERSION = YES;
				CLANG_WARN_OBJC_IMPLICIT_RETAIN_SELF = YES;
				CLANG_WARN_OBJC_LITERAL_CONVERSION = YES;
				CLANG_WARN_OBJC_ROOT_CLASS = YES_ERROR;
				CLANG_WARN_QUOTED_INCLUDE_IN_FRAMEWORK_HEADER = YES;
				CLANG_WARN_RANGE_LOOP_ANALYSIS = YES;
				CLANG_WARN_STRICT_PROTOTYPES = YES;
				CLANG_WARN_SUSPICIOUS_MOVE = YES;
				CLANG_WARN_UNGUARDED_AVAILABILITY = YES_AGGRESSIVE;
				CLANG_WARN_UNREACHABLE_CODE = YES;
				CLANG_WARN__DUPLICATE_METHOD_MATCH = YES;
				CODE_SIGN_STYLE = Automatic;
				COPY_PHASE_STRIP = NO;
				CURRENT_PROJECT_VERSION = 1;
				DEBUG_INFORMATION_FORMAT = dwarf;
				DEVELOPMENT_TEAM = QMM486NPYC;
				ENABLE_STRICT_OBJC_MSGSEND = YES;
				ENABLE_TESTABILITY = YES;
				GCC_C_LANGUAGE_STANDARD = gnu11;
				GCC_DYNAMIC_NO_PIC = NO;
				GCC_NO_COMMON_BLOCKS = YES;
				GCC_OPTIMIZATION_LEVEL = 0;
				GCC_PREPROCESSOR_DEFINITIONS = (
					"$(inherited)",
					"DEBUG=1",
				);
				GCC_WARN_64_TO_32_BIT_CONVERSION = YES;
				GCC_WARN_ABOUT_RETURN_TYPE = YES_ERROR;
				GCC_WARN_UNDECLARED_SELECTOR = YES;
				GCC_WARN_UNINITIALIZED_AUTOS = YES_AGGRESSIVE;
				GCC_WARN_UNUSED_FUNCTION = YES;
				GCC_WARN_UNUSED_VARIABLE = YES;
				MARKETING_VERSION = 1.0.0;
				MTL_ENABLE_DEBUG_INFO = INCLUDE_SOURCE;
				MTL_FAST_MATH = YES;
				ONLY_ACTIVE_ARCH = YES;
				PRODUCT_NAME = "$(TARGET_NAME)";
				SDKROOT = watchos;
				SWIFT_ACTIVE_COMPILATION_CONDITIONS = DEBUG;
				SWIFT_OPTIMIZATION_LEVEL = "-Onone";
				SWIFT_VERSION = 6.0;
				WATCHOS_DEPLOYMENT_TARGET = 10.0;
			};
			name = Debug;
		};
		89A2C5BB2A367E8EB32D3857 /* Debug */ = {
			isa = XCBuildConfiguration;
			buildSettings = {
				ASSETCATALOG_COMPILER_APPICON_NAME = AppIcon;
				GENERATE_INFOPLIST_FILE = YES;
				INFOPLIST_FILE = "";
				INFOPLIST_KEY_WKWatchOnly = YES;
				PRODUCT_BUNDLE_IDENTIFIER = com.nulljosh.lingo.watchos;
				PRODUCT_NAME = Lexly;
				SDKROOT = watchos;
				SKIP_INSTALL = YES;
				TARGETED_DEVICE_FAMILY = 4;
			};
			name = Debug;
		};
		D37550C0E927A9871D9A5B5D /* Release */ = {
			isa = XCBuildConfiguration;
			buildSettings = {
				ASSETCATALOG_COMPILER_APPICON_NAME = AppIcon;
				GENERATE_INFOPLIST_FILE = YES;
				INFOPLIST_FILE = "";
				INFOPLIST_KEY_WKWatchOnly = YES;
				PRODUCT_BUNDLE_IDENTIFIER = com.nulljosh.lingo.watchos;
				PRODUCT_NAME = Lexly;
				SDKROOT = watchos;
				SKIP_INSTALL = YES;
				TARGETED_DEVICE_FAMILY = 4;
			};
			name = Release;
		};
/* End XCBuildConfiguration section */

/* Begin XCConfigurationList section */
		43997968051C471444292103 /* Build configuration list for PBXProject "LexlyWatch" */ = {
			isa = XCConfigurationList;
			buildConfigurations = (
				6B79BB7D8F9BA2E69ACC4A9D /* Debug */,
				09E41C4072279D102E76084D /* Release */,
			);
			defaultConfigurationIsVisible = 0;
			defaultConfigurationName = Debug;
		};
		7389EFD96E4541EFC49B5D93 /* Build configuration list for PBXNativeTarget "LexlyWatch" */ = {
			isa = XCConfigurationList;
			buildConfigurations = (
				89A2C5BB2A367E8EB32D3857 /* Debug */,
				D37550C0E927A9871D9A5B5D /* Release */,
			);
			defaultConfigurationIsVisible = 0;
			defaultConfigurationName = Debug;
		};
/* End XCConfigurationList section */
	};
	rootObject = 1EDD0064BAB178AF88E0F511 /* Project object */;
}
